
Microsoft Visual Studio Solution File, Format Version 12.00
# Visual Studio 14
VisualStudioVersion = 14.0.23107.0
MinimumVisualStudioVersion = 10.0.40219.1
Project("{FAE04EC0-301F-11D3-BF4B-00C04F79EFBC}") = "SpreadsheetUtilities", "SpreadsheetUtilities\SpreadsheetUtilities.csproj", "{2B17DD6C-F9A4-4ACB-8399-18B79708ED52}"
EndProject
Project("{FAE04EC0-301F-11D3-BF4B-00C04F79EFBC}") = "SpreadsheetUtilitiesTest", "DependencyGraphTest\SpreadsheetUtilitiesTest.csproj", "{6B172762-0AFA-423A-89DF-7C4F9EC6A6CB}"
EndProject
Global
	GlobalSection(SolutionConfigurationPlatforms) = preSolution
		Debug|Any CPU = Debug|Any CPU
		Release|Any CPU = Release|Any CPU
	EndGlobalSection
	GlobalSection(ProjectConfigurationPlatforms) = postSolution
		{2B17DD6C-F9A4-4ACB-8399-18B79708ED52}.Debug|Any CPU.ActiveCfg = Debug|Any CPU
		{2B17DD6C-F9A4-4ACB-8399-18B79708ED52}.Debug|Any CPU.Build.0 = Debug|Any CPU
		{2B17DD6C-F9A4-4ACB-8399-18B79708ED52}.Release|Any CPU.ActiveCfg = Release|Any CPU
		{2B17DD6C-F9A4-4ACB-8399-18B79708ED52}.Release|Any CPU.Build.0 = Release|Any CPU
		{6B172762-0AFA-423A-89DF-7C4F9EC6A6CB}.Debug|Any CPU.ActiveCfg = Debug|Any CPU
		{6B172762-0AFA-423A-89DF-7C4F9EC6A6CB}.Debug|Any CPU.Build.0 = Debug|Any CPU
		{6B172762-0AFA-423A-89DF-7C4F9EC6A6CB}.Release|Any CPU.ActiveCfg = Release|Any CPU
		{6B172762-0AFA-423A-89DF-7C4F9EC6A6CB}.Release|Any CPU.Build.0 = Release|Any CPU
	EndGlobalSection
	GlobalSection(SolutionProperties) = preSolution
		HideSolutionNode = FALSE
	EndGlobalSection
EndGlobal
